{
  "name": "yuanzi-backend-worker",
  "version": "1.0.0",
  "lockfileVersion": 3,
  "requires": true,
  "packages": {
    "": {
      "name": "yuanzi-backend-worker",
      "version": "1.0.0",
      "dependencies": {
        "@cloudflare/containers": "^0.3.3"
      }
    },
    "node_modules/@cloudflare/containers": {
      "version": "0.3.3",
      "resolved": "https://registry.npmmirror.com/@cloudflare/containers/-/containers-0.3.3.tgz",
      "integrity": "sha512-ZSXmArCoo5bVTp8pGAJdl5WKmwtZDcffJqr4JcZEbSmMIFjU+AlBqgysuxXMgu03Rp239cOdqerbjK7H0K2krQ==",
      "license": "ISC"
    }
  }
}
